// !$*UTF8*$!
{
	archiveVersion = 1;
	classes = {
	};
	objectVersion = 51;
	objects = {

/* Begin PBXBuildFile section */
		0DEDABD518B6CF35EBC03D11 /* Pods_mobileTestTests.framework in Frameworks */ = {isa = PBXBuildFile; fileRef = CE17C23A42110CE7BE55665D /* Pods_mobileTestTests.framework */; };
		46D2D32D22CE2A4700E0CB19 /* AppDelegate.swift in Sources */ = {isa = PBXBuildFile; fileRef = 46D2D32C22CE2A4700E0CB19 /* AppDelegate.swift */; };
		46D2D32F22CE2A4700E0CB19 /* EpisodeController.swift in Sources */ = {isa = PBXBuildFile; fileRef = 46D2D32E22CE2A4700E0CB19 /* EpisodeController.swift */; };
		46D2D33222CE2A4700E0CB19 /* Main.storyboard in Resources */ = {isa = PBXBuildFile; fileRef = 46D2D33022CE2A4700E0CB19 /* Main.storyboard */; };
		46D2D33522CE2A4700E0CB19 /* mobileTest.xcdatamodeld in Sources */ = {isa = PBXBuildFile; fileRef = 46D2D33322CE2A4700E0CB19 /* mobileTest.xcdatamodeld */; };
		46D2D33722CE2A4800E0CB19 /* Assets.xcassets in Resources */ = {isa = PBXBuildFile; fileRef = 46D2D33622CE2A4800E0CB19 /* Assets.xcassets */; };
		46D2D33A22CE2A4800E0CB19 /* LaunchScreen.storyboard in Resources */ = {isa = PBXBuildFile; fileRef = 46D2D33822CE2A4800E0CB19 /* LaunchScreen.storyboard */; };
		46D2D34522CE2A4800E0CB19 /* mobileTestTests.swift in Sources */ = {isa = PBXBuildFile; fileRef = 46D2D34422CE2A4800E0CB19 /* mobileTestTests.swift */; };
		46D2D35022CE2A4800E0CB19 /* mobileTestUITests.swift in Sources */ = {isa = PBXBuildFile; fileRef = 46D2D34F22CE2A4800E0CB19 /* mobileTestUITests.swift */; };
		46D2D36322CE39F900E0CB19 /* Service.swift in Sources */ = {isa = PBXBuildFile; fileRef = 46D2D36222CE39F900E0CB19 /* Service.swift */; };
		46D2D36522CE3ADD00E0CB19 /* Constant.swift in Sources */ = {isa = PBXBuildFile; fileRef = 46D2D36422CE3ADD00E0CB19 /* Constant.swift */; };
		46D2D36822CE3C8400E0CB19 /* Episode.swift in Sources */ = {isa = PBXBuildFile; fileRef = 46D2D36722CE3C8400E0CB19 /* Episode.swift */; };
		46D2D36B22CE41FD00E0CB19 /* EpisodeCell.swift in Sources */ = {isa = PBXBuildFile; fileRef = 46D2D36A22CE41FD00E0CB19 /* EpisodeCell.swift */; };
		46D2D36D22CE480500E0CB19 /* EpisodeViewModel.swift in Sources */ = {isa = PBXBuildFile; fileRef = 46D2D36C22CE480500E0CB19 /* EpisodeViewModel.swift */; };
		46D2D36F22CE644500E0CB19 /* CharactersController.swift in Sources */ = {isa = PBXBuildFile; fileRef = 46D2D36E22CE644500E0CB19 /* CharactersController.swift */; };
		46D2D37122CE646900E0CB19 /* Characters.storyboard in Resources */ = {isa = PBXBuildFile; fileRef = 46D2D37022CE646900E0CB19 /* Characters.storyboard */; };
		46D2D37322CE6BF900E0CB19 /* CharactersCell.swift in Sources */ = {isa = PBXBuildFile; fileRef = 46D2D37222CE6BF900E0CB19 /* CharactersCell.swift */; };
		46D2D37522CE6CAD00E0CB19 /* Characters.swift in Sources */ = {isa = PBXBuildFile; fileRef = 46D2D37422CE6CAD00E0CB19 /* Characters.swift */; };
		46D2D37722CE74B600E0CB19 /* CharactersViewModel.swift in Sources */ = {isa = PBXBuildFile; fileRef = 46D2D37622CE74B600E0CB19 /* CharactersViewModel.swift */; };
		46D2D37922CE832100E0CB19 /* CharacterDetailController.swift in Sources */ = {isa = PBXBuildFile; fileRef = 46D2D37822CE832100E0CB19 /* CharacterDetailController.swift */; };
		46D2D37B22CE833700E0CB19 /* CharacterDetail.storyboard in Resources */ = {isa = PBXBuildFile; fileRef = 46D2D37A22CE833700E0CB19 /* CharacterDetail.storyboard */; };
		46D2D37E22CE849700E0CB19 /* Extension.swift in Sources */ = {isa = PBXBuildFile; fileRef = 46D2D37D22CE849700E0CB19 /* Extension.swift */; };
		4AF3CE3B36D0DA3B0A582583 /* Pods_mobileTest.framework in Frameworks */ = {isa = PBXBuildFile; fileRef = B8BEA65079D0C2FB2D10AF14 /* Pods_mobileTest.framework */; };
		7A3BC2AEFBE5A8F944FC2795 /* Pods_mobileTestUITests.framework in Frameworks */ = {isa = PBXBuildFile; fileRef = DD93E2953B378D111461C6FB /* Pods_mobileTestUITests.framework */; };
/* End PBXBuildFile section */

/* Begin PBXContainerItemProxy section */
		46D2D34122CE2A4800E0CB19 /* PBXContainerItemProxy */ = {
			isa = PBXContainerItemProxy;
			containerPortal = 46D2D32122CE2A4700E0CB19 /* Project object */;
			proxyType = 1;
			remoteGlobalIDString = 46D2D32822CE2A4700E0CB19;
			remoteInfo = mobileTest;
		};
		46D2D34C22CE2A4800E0CB19 /* PBXContainerItemProxy */ = {
			isa = PBXContainerItemProxy;
			containerPortal = 46D2D32122CE2A4700E0CB19 /* Project object */;
			proxyType = 1;
			remoteGlobalIDString = 46D2D32822CE2A4700E0CB19;
			remoteInfo = mobileTest;
		};
/* End PBXContainerItemProxy section */

/* Begin PBXFileReference section */
		0DB3436F5FAA94F24AFCC225 /* Pods-mobileTestUITests.debug.xcconfig */ = {isa = PBXFileReference; includeInIndex = 1; lastKnownFileType = text.xcconfig; name = "Pods-mobileTestUITests.debug.xcconfig"; path = "Target Support Files/Pods-mobileTestUITests/Pods-mobileTestUITests.debug.xcconfig"; sourceTree = "<group>"; };
		1D941A2B4BA6C3091C729418 /* Pods-mobileTestUITests.release.xcconfig */ = {isa = PBXFileReference; includeInIndex = 1; lastKnownFileType = text.xcconfig; name = "Pods-mobileTestUITests.release.xcconfig"; path = "Target Support Files/Pods-mobileTestUITests/Pods-mobileTestUITests.release.xcconfig"; sourceTree = "<group>"; };
		2C3958EBC53CCE25DC531440 /* Pods-mobileTestTests.debug.xcconfig */ = {isa = PBXFileReference; includeInIndex = 1; lastKnownFileType = text.xcconfig; name = "Pods-mobileTestTests.debug.xcconfig"; path = "Target Support Files/Pods-mobileTestTests/Pods-mobileTestTests.debug.xcconfig"; sourceTree = "<group>"; };
		2CA983422D0A6DCF42393FEA /* Pods-mobileTest.debug.xcconfig */ = {isa = PBXFileReference; includeInIndex = 1; lastKnownFileType = text.xcconfig; name = "Pods-mobileTest.debug.xcconfig"; path = "Target Support Files/Pods-mobileTest/Pods-mobileTest.debug.xcconfig"; sourceTree = "<group>"; };
		3681400222A73ADA444A2FB5 /* Pods-mobileTest.release.xcconfig */ = {isa = PBXFileReference; includeInIndex = 1; lastKnownFileType = text.xcconfig; name = "Pods-mobileTest.release.xcconfig"; path = "Target Support Files/Pods-mobileTest/Pods-mobileTest.release.xcconfig"; sourceTree = "<group>"; };
		46D2D32922CE2A4700E0CB19 /* mobileTest.app */ = {isa = PBXFileReference; explicitFileType = wrapper.application; includeInIndex = 0; path = mobileTest.app; sourceTree = BUILT_PRODUCTS_DIR; };
		46D2D32C22CE2A4700E0CB19 /* AppDelegate.swift */ = {isa = PBXFileReference; lastKnownFileType = sourcecode.swift; path = AppDelegate.swift; sourceTree = "<group>"; };
		46D2D32E22CE2A4700E0CB19 /* EpisodeController.swift */ = {isa = PBXFileReference; lastKnownFileType = sourcecode.swift; path = EpisodeController.swift; sourceTree = "<group>"; };
		46D2D33122CE2A4700E0CB19 /* Base */ = {isa = PBXFileReference; lastKnownFileType = file.storyboard; name = Base; path = Base.lproj/Main.storyboard; sourceTree = "<group>"; };
		46D2D33422CE2A4700E0CB19 /* mobileTest.xcdatamodel */ = {isa = PBXFileReference; lastKnownFileType = wrapper.xcdatamodel; path = mobileTest.xcdatamodel; sourceTree = "<group>"; };
		46D2D33622CE2A4800E0CB19 /* Assets.xcassets */ = {isa = PBXFileReference; lastKnownFileType = folder.assetcatalog; path = Assets.xcassets; sourceTree = "<group>"; };
		46D2D33922CE2A4800E0CB19 /* Base */ = {isa = PBXFileReference; lastKnownFileType = file.storyboard; name = Base; path = Base.lproj/LaunchScreen.storyboard; sourceTree = "<group>"; };
		46D2D33B22CE2A4800E0CB19 /* Info.plist */ = {isa = PBXFileReference; lastKnownFileType = text.plist.xml; path = Info.plist; sourceTree = "<group>"; };
		46D2D34022CE2A4800E0CB19 /* mobileTestTests.xctest */ = {isa = PBXFileReference; explicitFileType = wrapper.cfbundle; includeInIndex = 0; path = mobileTestTests.xctest; sourceTree = BUILT_PRODUCTS_DIR; };
		46D2D34422CE2A4800E0CB19 /* mobileTestTests.swift */ = {isa = PBXFileReference; lastKnownFileType = sourcecode.swift; path = mobileTestTests.swift; sourceTree = "<group>"; };
		46D2D34622CE2A4800E0CB19 /* Info.plist */ = {isa = PBXFileReference; lastKnownFileType = text.plist.xml; path = Info.plist; sourceTree = "<group>"; };
		46D2D34B22CE2A4800E0CB19 /* mobileTestUITests.xctest */ = {isa = PBXFileReference; explicitFileType = wrapper.cfbundle; includeInIndex = 0; path = mobileTestUITests.xctest; sourceTree = BUILT_PRODUCTS_DIR; };
		46D2D34F22CE2A4800E0CB19 /* mobileTestUITests.swift */ = {isa = PBXFileReference; lastKnownFileType = sourcecode.swift; path = mobileTestUITests.swift; sourceTree = "<group>"; };
		46D2D35122CE2A4800E0CB19 /* Info.plist */ = {isa = PBXFileReference; lastKnownFileType = text.plist.xml; path = Info.plist; sourceTree = "<group>"; };
		46D2D36222CE39F900E0CB19 /* Service.swift */ = {isa = PBXFileReference; lastKnownFileType = sourcecode.swift; path = Service.swift; sourceTree = "<group>"; };
		46D2D36422CE3ADD00E0CB19 /* Constant.swift */ = {isa = PBXFileReference; lastKnownFileType = sourcecode.swift; path = Constant.swift; sourceTree = "<group>"; };
		46D2D36722CE3C8400E0CB19 /* Episode.swift */ = {isa = PBXFileReference; lastKnownFileType = sourcecode.swift; path = Episode.swift; sourceTree = "<group>"; };
		46D2D36A22CE41FD00E0CB19 /* EpisodeCell.swift */ = {isa = PBXFileReference; lastKnownFileType = sourcecode.swift; path = EpisodeCell.swift; sourceTree = "<group>"; };
		46D2D36C22CE480500E0CB19 /* EpisodeViewModel.swift */ = {isa = PBXFileReference; lastKnownFileType = sourcecode.swift; path = EpisodeViewModel.swift; sourceTree = "<group>"; };
		46D2D36E22CE644500E0CB19 /* CharactersController.swift */ = {isa = PBXFileReference; lastKnownFileType = sourcecode.swift; path = CharactersController.swift; sourceTree = "<group>"; };
		46D2D37022CE646900E0CB19 /* Characters.storyboard */ = {isa = PBXFileReference; lastKnownFileType = file.storyboard; path = Characters.storyboard; sourceTree = "<group>"; };
		46D2D37222CE6BF900E0CB19 /* CharactersCell.swift */ = {isa = PBXFileReference; lastKnownFileType = sourcecode.swift; path = CharactersCell.swift; sourceTree = "<group>"; };
		46D2D37422CE6CAD00E0CB19 /* Characters.swift */ = {isa = PBXFileReference; lastKnownFileType = sourcecode.swift; path = Characters.swift; sourceTree = "<group>"; };
		46D2D37622CE74B600E0CB19 /* CharactersViewModel.swift */ = {isa = PBXFileReference; lastKnownFileType = sourcecode.swift; path = CharactersViewModel.swift; sourceTree = "<group>"; };
		46D2D37822CE832100E0CB19 /* CharacterDetailController.swift */ = {isa = PBXFileReference; lastKnownFileType = sourcecode.swift; path = CharacterDetailController.swift; sourceTree = "<group>"; };
		46D2D37A22CE833700E0CB19 /* CharacterDetail.storyboard */ = {isa = PBXFileReference; lastKnownFileType = file.storyboard; path = CharacterDetail.storyboard; sourceTree = "<group>"; };
		46D2D37D22CE849700E0CB19 /* Extension.swift */ = {isa = PBXFileReference; lastKnownFileType = sourcecode.swift; path = Extension.swift; sourceTree = "<group>"; };
		B8BEA65079D0C2FB2D10AF14 /* Pods_mobileTest.framework */ = {isa = PBXFileReference; explicitFileType = wrapper.framework; includeInIndex = 0; path = Pods_mobileTest.framework; sourceTree = BUILT_PRODUCTS_DIR; };
		CDA619A2E15F68F1B6127BF4 /* Pods-mobileTestTests.release.xcconfig */ = {isa = PBXFileReference; includeInIndex = 1; lastKnownFileType = text.xcconfig; name = "Pods-mobileTestTests.release.xcconfig"; path = "Target Support Files/Pods-mobileTestTests/Pods-mobileTestTests.release.xcconfig"; sourceTree = "<group>"; };
		CE17C23A42110CE7BE55665D /* Pods_mobileTestTests.framework */ = {isa = PBXFileReference; explicitFileType = wrapper.framework; includeInIndex = 0; path = Pods_mobileTestTests.framework; sourceTree = BUILT_PRODUCTS_DIR; };
		DD93E2953B378D111461C6FB /* Pods_mobileTestUITests.framework */ = {isa = PBXFileReference; explicitFileType = wrapper.framework; includeInIndex = 0; path = Pods_mobileTestUITests.framework; sourceTree = BUILT_PRODUCTS_DIR; };
/* End PBXFileReference section */

/* Begin PBXFrameworksBuildPhase section */
		46D2D32622CE2A4700E0CB19 /* Frameworks */ = {
			isa = PBXFrameworksBuildPhase;
			buildActionMask = 2147483647;
			files = (
				4AF3CE3B36D0DA3B0A582583 /* Pods_mobileTest.framework in Frameworks */,
			);
			runOnlyForDeploymentPostprocessing = 0;
		};
		46D2D33D22CE2A4800E0CB19 /* Frameworks */ = {
			isa = PBXFrameworksBuildPhase;
			buildActionMask = 2147483647;
			files = (
				0DEDABD518B6CF35EBC03D11 /* Pods_mobileTestTests.framework in Frameworks */,
			);
			runOnlyForDeploymentPostprocessing = 0;
		};
		46D2D34822CE2A4800E0CB19 /* Frameworks */ = {
			isa = PBXFrameworksBuildPhase;
			buildActionMask = 2147483647;
			files = (
				7A3BC2AEFBE5A8F944FC2795 /* Pods_mobileTestUITests.framework in Frameworks */,
			);
			runOnlyForDeploymentPostprocessing = 0;
		};
/* End PBXFrameworksBuildPhase section */

/* Begin PBXGroup section */
		46D2D32022CE2A4700E0CB19 = {
			isa = PBXGroup;
			children = (
				46D2D32B22CE2A4700E0CB19 /* mobileTest */,
				46D2D34322CE2A4800E0CB19 /* mobileTestTests */,
				46D2D34E22CE2A4800E0CB19 /* mobileTestUITests */,
				46D2D32A22CE2A4700E0CB19 /* Products */,
				8F2D46797844A8A187D137E9 /* Pods */,
				D97C30B0251F4D2E0A7E4408 /* Frameworks */,
			);
			sourceTree = "<group>";
		};
		46D2D32A22CE2A4700E0CB19 /* Products */ = {
			isa = PBXGroup;
			children = (
				46D2D32922CE2A4700E0CB19 /* mobileTest.app */,
				46D2D34022CE2A4800E0CB19 /* mobileTestTests.xctest */,
				46D2D34B22CE2A4800E0CB19 /* mobileTestUITests.xctest */,
			);
			name = Products;
			sourceTree = "<group>";
		};
		46D2D32B22CE2A4700E0CB19 /* mobileTest */ = {
			isa = PBXGroup;
			children = (
				46D2D37C22CE848300E0CB19 /* Extension */,
				46D2D36922CE41D700E0CB19 /* Model */,
				46D2D36622CE3AE300E0CB19 /* Constant */,
				46D2D36022CE383000E0CB19 /* Service */,
				46D2D35F22CE382900E0CB19 /* View */,
				46D2D35E22CE37FC00E0CB19 /* ViewModel */,
				46D2D35D22CE37EE00E0CB19 /* Controller */,
				46D2D32C22CE2A4700E0CB19 /* AppDelegate.swift */,
				46D2D33622CE2A4800E0CB19 /* Assets.xcassets */,
				46D2D33822CE2A4800E0CB19 /* LaunchScreen.storyboard */,
				46D2D33B22CE2A4800E0CB19 /* Info.plist */,
				46D2D33322CE2A4700E0CB19 /* mobileTest.xcdatamodeld */,
			);
			path = mobileTest;
			sourceTree = "<group>";
		};
		46D2D34322CE2A4800E0CB19 /* mobileTestTests */ = {
			isa = PBXGroup;
			children = (
				46D2D34422CE2A4800E0CB19 /* mobileTestTests.swift */,
				46D2D34622CE2A4800E0CB19 /* Info.plist */,
			);
			path = mobileTestTests;
			sourceTree = "<group>";
		};
		46D2D34E22CE2A4800E0CB19 /* mobileTestUITests */ = {
			isa = PBXGroup;
			children = (
				46D2D34F22CE2A4800E0CB19 /* mobileTestUITests.swift */,
				46D2D35122CE2A4800E0CB19 /* Info.plist */,
			);
			path = mobileTestUITests;
			sourceTree = "<group>";
		};
		46D2D35D22CE37EE00E0CB19 /* Controller */ = {
			isa = PBXGroup;
			children = (
				46D2D33022CE2A4700E0CB19 /* Main.storyboard */,
				46D2D32E22CE2A4700E0CB19 /* EpisodeController.swift */,
				46D2D37022CE646900E0CB19 /* Characters.storyboard */,
				46D2D36E22CE644500E0CB19 /* CharactersController.swift */,
				46D2D37A22CE833700E0CB19 /* CharacterDetail.storyboard */,
				46D2D37822CE832100E0CB19 /* CharacterDetailController.swift */,
			);
			path = Controller;
			sourceTree = "<group>";
		};
		46D2D35E22CE37FC00E0CB19 /* ViewModel */ = {
			isa = PBXGroup;
			children = (
				46D2D36C22CE480500E0CB19 /* EpisodeViewModel.swift */,
				46D2D37622CE74B600E0CB19 /* CharactersViewModel.swift */,
			);
			path = ViewModel;
			sourceTree = "<group>";
		};
		46D2D35F22CE382900E0CB19 /* View */ = {
			isa = PBXGroup;
			children = (
				46D2D36A22CE41FD00E0CB19 /* EpisodeCell.swift */,
				46D2D37222CE6BF900E0CB19 /* CharactersCell.swift */,
			);
			path = View;
			sourceTree = "<group>";
		};
		46D2D36022CE383000E0CB19 /* Service */ = {
			isa = PBXGroup;
			children = (
				46D2D36222CE39F900E0CB19 /* Service.swift */,
			);
			path = Service;
			sourceTree = "<group>";
		};
		46D2D36622CE3AE300E0CB19 /* Constant */ = {
			isa = PBXGroup;
			children = (
				46D2D36422CE3ADD00E0CB19 /* Constant.swift */,
			);
			path = Constant;
			sourceTree = "<group>";
		};
		46D2D36922CE41D700E0CB19 /* Model */ = {
			isa = PBXGroup;
			children = (
				46D2D36722CE3C8400E0CB19 /* Episode.swift */,
				46D2D37422CE6CAD00E0CB19 /* Characters.swift */,
			);
			path = Model;
			sourceTree = "<group>";
		};
		46D2D37C22CE848300E0CB19 /* Extension */ = {
			isa = PBXGroup;
			children = (
				46D2D37D22CE849700E0CB19 /* Extension.swift */,
			);
			path = Extension;
			sourceTree = "<group>";
		};
		8F2D46797844A8A187D137E9 /* Pods */ = {
			isa = PBXGroup;
			children = (
				2CA983422D0A6DCF42393FEA /* Pods-mobileTest.debug.xcconfig */,
				3681400222A73ADA444A2FB5 /* Pods-mobileTest.release.xcconfig */,
				2C3958EBC53CCE25DC531440 /* Pods-mobileTestTests.debug.xcconfig */,
				CDA619A2E15F68F1B6127BF4 /* Pods-mobileTestTests.release.xcconfig */,
				0DB3436F5FAA94F24AFCC225 /* Pods-mobileTestUITests.debug.xcconfig */,
				1D941A2B4BA6C3091C729418 /* Pods-mobileTestUITests.release.xcconfig */,
			);
			path = Pods;
			sourceTree = "<group>";
		};
		D97C30B0251F4D2E0A7E4408 /* Frameworks */ = {
			isa = PBXGroup;
			children = (
				B8BEA65079D0C2FB2D10AF14 /* Pods_mobileTest.framework */,
				CE17C23A42110CE7BE55665D /* Pods_mobileTestTests.framework */,
				DD93E2953B378D111461C6FB /* Pods_mobileTestUITests.framework */,
			);
			name = Frameworks;
			sourceTree = "<group>";
		};
/* End PBXGroup section */

/* Begin PBXNativeTarget section */
		46D2D32822CE2A4700E0CB19 /* mobileTest */ = {
			isa = PBXNativeTarget;
			buildConfigurationList = 46D2D35422CE2A4800E0CB19 /* Build configuration list for PBXNativeTarget "mobileTest" */;
			buildPhases = (
				A0710B1922CA16AE7FE27B0A /* [CP] Check Pods Manifest.lock */,
				46D2D32522CE2A4700E0CB19 /* Sources */,
				46D2D32622CE2A4700E0CB19 /* Frameworks */,
				46D2D32722CE2A4700E0CB19 /* Resources */,
				82ED62B4D28C1B01EB04AB19 /* [CP] Embed Pods Frameworks */,
			);
			buildRules = (
			);
			dependencies = (
			);
			name = mobileTest;
			productName = mobileTest;
			productReference = 46D2D32922CE2A4700E0CB19 /* mobileTest.app */;
			productType = "com.apple.product-type.application";
		};
		46D2D33F22CE2A4800E0CB19 /* mobileTestTests */ = {
			isa = PBXNativeTarget;
			buildConfigurationList = 46D2D35722CE2A4800E0CB19 /* Build configuration list for PBXNativeTarget "mobileTestTests" */;
			buildPhases = (
				7753FADE0791CB0622806AF2 /* [CP] Check Pods Manifest.lock */,
				46D2D33C22CE2A4800E0CB19 /* Sources */,
				46D2D33D22CE2A4800E0CB19 /* Frameworks */,
				46D2D33E22CE2A4800E0CB19 /* Resources */,
			);
			buildRules = (
			);
			dependencies = (
				46D2D34222CE2A4800E0CB19 /* PBXTargetDependency */,
			);
			name = mobileTestTests;
			productName = mobileTestTests;
			productReference = 46D2D34022CE2A4800E0CB19 /* mobileTestTests.xctest */;
			productType = "com.apple.product-type.bundle.unit-test";
		};
		46D2D34A22CE2A4800E0CB19 /* mobileTestUITests */ = {
			isa = PBXNativeTarget;
			buildConfigurationList = 46D2D35A22CE2A4800E0CB19 /* Build configuration list for PBXNativeTarget "mobileTestUITests" */;
			buildPhases = (
				D105386DB061F464D5FD384C /* [CP] Check Pods Manifest.lock */,
				46D2D34722CE2A4800E0CB19 /* Sources */,
				46D2D34822CE2A4800E0CB19 /* Frameworks */,
				46D2D34922CE2A4800E0CB19 /* Resources */,
			);
			buildRules = (
			);
			dependencies = (
				46D2D34D22CE2A4800E0CB19 /* PBXTargetDependency */,
			);
			name = mobileTestUITests;
			productName = mobileTestUITests;
			productReference = 46D2D34B22CE2A4800E0CB19 /* mobileTestUITests.xctest */;
			productType = "com.apple.product-type.bundle.ui-testing";
		};
/* End PBXNativeTarget section */

/* Begin PBXProject section */
		46D2D32122CE2A4700E0CB19 /* Project object */ = {
			isa = PBXProject;
			attributes = {
				LastSwiftUpdateCheck = 1020;
				LastUpgradeCheck = 1020;
				ORGANIZATIONNAME = guestlogix;
				TargetAttributes = {
					46D2D32822CE2A4700E0CB19 = {
						CreatedOnToolsVersion = 10.2.1;
					};
					46D2D33F22CE2A4800E0CB19 = {
						CreatedOnToolsVersion = 10.2.1;
						TestTargetID = 46D2D32822CE2A4700E0CB19;
					};
					46D2D34A22CE2A4800E0CB19 = {
						CreatedOnToolsVersion = 10.2.1;
						TestTargetID = 46D2D32822CE2A4700E0CB19;
					};
				};
			};
			buildConfigurationList = 46D2D32422CE2A4700E0CB19 /* Build configuration list for PBXProject "mobileTest" */;
			compatibilityVersion = "Xcode 9.3";
			developmentRegion = en;
			hasScannedForEncodings = 0;
			knownRegions = (
				en,
				Base,
			);
			mainGroup = 46D2D32022CE2A4700E0CB19;
			productRefGroup = 46D2D32A22CE2A4700E0CB19 /* Products */;
			projectDirPath = "";
			projectRoot = "";
			targets = (
				46D2D32822CE2A4700E0CB19 /* mobileTest */,
				46D2D33F22CE2A4800E0CB19 /* mobileTestTests */,
				46D2D34A22CE2A4800E0CB19 /* mobileTestUITests */,
			);
		};
/* End PBXProject section */

/* Begin PBXResourcesBuildPhase section */
		46D2D32722CE2A4700E0CB19 /* Resources */ = {
			isa = PBXResourcesBuildPhase;
			buildActionMask = 2147483647;
			files = (
				46D2D37122CE646900E0CB19 /* Characters.storyboard in Resources */,
				46D2D33A22CE2A4800E0CB19 /* LaunchScreen.storyboard in Resources */,
				46D2D33722CE2A4800E0CB19 /* Assets.xcassets in Resources */,
				46D2D33222CE2A4700E0CB19 /* Main.storyboard in Resources */,
				46D2D37B22CE833700E0CB19 /* CharacterDetail.storyboard in Resources */,
			);
			runOnlyForDeploymentPostprocessing = 0;
		};
		46D2D33E22CE2A4800E0CB19 /* Resources */ = {
			isa = PBXResourcesBuildPhase;
			buildActionMask = 2147483647;
			files = (
			);
			runOnlyForDeploymentPostprocessing = 0;
		};
		46D2D34922CE2A4800E0CB19 /* Resources */ = {
			isa = PBXResourcesBuildPhase;
			buildActionMask = 2147483647;
			files = (
			);
			runOnlyForDeploymentPostprocessing = 0;
		};
/* End PBXResourcesBuildPhase section */

/* Begin PBXShellScriptBuildPhase section */
		7753FADE0791CB0622806AF2 /* [CP] Check Pods Manifest.lock */ = {
			isa = PBXShellScriptBuildPhase;
			buildActionMask = 2147483647;
			files = (
			);
			inputFileListPaths = (
			);
			inputPaths = (
				"${PODS_PODFILE_DIR_PATH}/Podfile.lock",
				"${PODS_ROOT}/Manifest.lock",
			);
			name = "[CP] Check Pods Manifest.lock";
			outputFileListPaths = (
			);
			outputPaths = (
				"$(DERIVED_FILE_DIR)/Pods-mobileTestTests-checkManifestLockResult.txt",
			);
			runOnlyForDeploymentPostprocessing = 0;
			shellPath = /bin/sh;
			shellScript = "diff \"${PODS_PODFILE_DIR_PATH}/Podfile.lock\" \"${PODS_ROOT}/Manifest.lock\" > /dev/null\nif [ $? != 0 ] ; then\n    # print error to STDERR\n    echo \"error: The sandbox is not in sync with the Podfile.lock. Run 'pod install' or update your CocoaPods installation.\" >&2\n    exit 1\nfi\n# This output is used by Xcode 'outputs' to avoid re-running this script phase.\necho \"SUCCESS\" > \"${SCRIPT_OUTPUT_FILE_0}\"\n";
			showEnvVarsInLog = 0;
		};
		82ED62B4D28C1B01EB04AB19 /* [CP] Embed Pods Frameworks */ = {
			isa = PBXShellScriptBuildPhase;
			buildActionMask = 2147483647;
			files = (
			);
			inputFileListPaths = (
				"${PODS_ROOT}/Target Support Files/Pods-mobileTest/Pods-mobileTest-frameworks-${CONFIGURATION}-input-files.xcfilelist",
			);
			name = "[CP] Embed Pods Frameworks";
			outputFileListPaths = (
				"${PODS_ROOT}/Target Support Files/Pods-mobileTest/Pods-mobileTest-frameworks-${CONFIGURATION}-output-files.xcfilelist",
			);
			runOnlyForDeploymentPostprocessing = 0;
			shellPath = /bin/sh;
			shellScript = "\"${PODS_ROOT}/Target Support Files/Pods-mobileTest/Pods-mobileTest-frameworks.sh\"\n";
			showEnvVarsInLog = 0;
		};
		A0710B1922CA16AE7FE27B0A /* [CP] Check Pods Manifest.lock */ = {
			isa = PBXShellScriptBuildPhase;
			buildActionMask = 2147483647;
			files = (
			);
			inputFileListPaths = (
			);
			inputPaths = (
				"${PODS_PODFILE_DIR_PATH}/Podfile.lock",
				"${PODS_ROOT}/Manifest.lock",
			);
			name = "[CP] Check Pods Manifest.lock";
			outputFileListPaths = (
			);
			outputPaths = (
				"$(DERIVED_FILE_DIR)/Pods-mobileTest-checkManifestLockResult.txt",
			);
			runOnlyForDeploymentPostprocessing = 0;
			shellPath = /bin/sh;
			shellScript = "diff \"${PODS_PODFILE_DIR_PATH}/Podfile.lock\" \"${PODS_ROOT}/Manifest.lock\" > /dev/null\nif [ $? != 0 ] ; then\n    # print error to STDERR\n    echo \"error: The sandbox is not in sync with the Podfile.lock. Run 'pod install' or update your CocoaPods installation.\" >&2\n    exit 1\nfi\n# This output is used by Xcode 'outputs' to avoid re-running this script phase.\necho \"SUCCESS\" > \"${SCRIPT_OUTPUT_FILE_0}\"\n";
			showEnvVarsInLog = 0;
		};
		D105386DB061F464D5FD384C /* [CP] Check Pods Manifest.lock */ = {
			isa = PBXShellScriptBuildPhase;
			buildActionMask = 2147483647;
			files = (
			);
			inputFileListPaths = (
			);
			inputPaths = (
				"${PODS_PODFILE_DIR_PATH}/Podfile.lock",
				"${PODS_ROOT}/Manifest.lock",
			);
			name = "[CP] Check Pods Manifest.lock";
			outputFileListPaths = (
			);
			outputPaths = (
				"$(DERIVED_FILE_DIR)/Pods-mobileTestUITests-checkManifestLockResult.txt",
			);
			runOnlyForDeploymentPostprocessing = 0;
			shellPath = /bin/sh;
			shellScript = "diff \"${PODS_PODFILE_DIR_PATH}/Podfile.lock\" \"${PODS_ROOT}/Manifest.lock\" > /dev/null\nif [ $? != 0 ] ; then\n    # print error to STDERR\n    echo \"error: The sandbox is not in sync with the Podfile.lock. Run 'pod install' or update your CocoaPods installation.\" >&2\n    exit 1\nfi\n# This output is used by Xcode 'outputs' to avoid re-running this script phase.\necho \"SUCCESS\" > \"${SCRIPT_OUTPUT_FILE_0}\"\n";
			showEnvVarsInLog = 0;
		};
/* End PBXShellScriptBuildPhase section */

/* Begin PBXSourcesBuildPhase section */
		46D2D32522CE2A4700E0CB19 /* Sources */ = {
			isa = PBXSourcesBuildPhase;
			buildActionMask = 2147483647;
			files = (
				46D2D37722CE74B600E0CB19 /* CharactersViewModel.swift in Sources */,
				46D2D32F22CE2A4700E0CB19 /* EpisodeController.swift in Sources */,
				46D2D36822CE3C8400E0CB19 /* Episode.swift in Sources */,
				46D2D36322CE39F900E0CB19 /* Service.swift in Sources */,
				46D2D37522CE6CAD00E0CB19 /* Characters.swift in Sources */,
				46D2D36522CE3ADD00E0CB19 /* Constant.swift in Sources */,
				46D2D36B22CE41FD00E0CB19 /* EpisodeCell.swift in Sources */,
				46D2D33522CE2A4700E0CB19 /* mobileTest.xcdatamodeld in Sources */,
				46D2D36D22CE480500E0CB19 /* EpisodeViewModel.swift in Sources */,
				46D2D37E22CE849700E0CB19 /* Extension.swift in Sources */,
				46D2D36F22CE644500E0CB19 /* CharactersController.swift in Sources */,
				46D2D32D22CE2A4700E0CB19 /* AppDelegate.swift in Sources */,
				46D2D37322CE6BF900E0CB19 /* CharactersCell.swift in Sources */,
				46D2D37922CE832100E0CB19 /* CharacterDetailController.swift in Sources */,
			);
			runOnlyForDeploymentPostprocessing = 0;
		};
		46D2D33C22CE2A4800E0CB19 /* Sources */ = {
			isa = PBXSourcesBuildPhase;
			buildActionMask = 2147483647;
			files = (
				46D2D34522CE2A4800E0CB19 /* mobileTestTests.swift in Sources */,
			);
			runOnlyForDeploymentPostprocessing = 0;
		};
		46D2D34722CE2A4800E0CB19 /* Sources */ = {
			isa = PBXSourcesBuildPhase;
			buildActionMask = 2147483647;
			files = (
				46D2D35022CE2A4800E0CB19 /* mobileTestUITests.swift in Sources */,
			);
			runOnlyForDeploymentPostprocessing = 0;
		};
/* End PBXSourcesBuildPhase section */

/* Begin PBXTargetDependency section */
		46D2D34222CE2A4800E0CB19 /* PBXTargetDependency */ = {
			isa = PBXTargetDependency;
			target = 46D2D32822CE2A4700E0CB19 /* mobileTest */;
			targetProxy = 46D2D34122CE2A4800E0CB19 /* PBXContainerItemProxy */;
		};
		46D2D34D22CE2A4800E0CB19 /* PBXTargetDependency */ = {
			isa = PBXTargetDependency;
			target = 46D2D32822CE2A4700E0CB19 /* mobileTest */;
			targetProxy = 46D2D34C22CE2A4800E0CB19 /* PBXContainerItemProxy */;
		};
/* End PBXTargetDependency section */

/* Begin PBXVariantGroup section */
		46D2D33022CE2A4700E0CB19 /* Main.storyboard */ = {
			isa = PBXVariantGroup;
			children = (
				46D2D33122CE2A4700E0CB19 /* Base */,
			);
			name = Main.storyboard;
			sourceTree = "<group>";
		};
		46D2D33822CE2A4800E0CB19 /* LaunchScreen.storyboard */ = {
			isa = PBXVariantGroup;
			children = (
				46D2D33922CE2A4800E0CB19 /* Base */,
			);
			name = LaunchScreen.storyboard;
			sourceTree = "<group>";
		};
/* End PBXVariantGroup section */

/* Begin XCBuildConfiguration section */
		46D2D35222CE2A4800E0CB19 /* Debug */ = {
			isa = XCBuildConfiguration;
			buildSettings = {
				ALWAYS_SEARCH_USER_PATHS = NO;
				CLANG_ANALYZER_NONNULL = YES;
				CLANG_ANALYZER_NUMBER_OBJECT_CONVERSION = YES_AGGRESSIVE;
				CLANG_CXX_LANGUAGE_STANDARD = "gnu++14";
				CLANG_CXX_LIBRARY = "libc++";
				CLANG_ENABLE_MODULES = YES;
				CLANG_ENABLE_OBJC_ARC = YES;
				CLANG_ENABLE_OBJC_WEAK = YES;
				CLANG_WARN_BLOCK_CAPTURE_AUTORELEASING = YES;
				CLANG_WARN_BOOL_CONVERSION = YES;
				CLANG_WARN_COMMA = YES;
				CLANG_WARN_CONSTANT_CONVERSION = YES;
				CLANG_WARN_DEPRECATED_OBJC_IMPLEMENTATIONS = YES;
				CLANG_WARN_DIRECT_OBJC_ISA_USAGE = YES_ERROR;
				CLANG_WARN_DOCUMENTATION_COMMENTS = YES;
				CLANG_WARN_EMPTY_BODY = YES;
				CLANG_WARN_ENUM_CONVERSION = YES;
				CLANG_WARN_INFINITE_RECURSION = YES;
				CLANG_WARN_INT_CONVERSION = YES;
				CLANG_WARN_NON_LITERAL_NULL_CONVERSION = YES;
				CLANG_WARN_OBJC_IMPLICIT_RETAIN_SELF = YES;
				CLANG_WARN_OBJC_LITERAL_CONVERSION = YES;
				CLANG_WARN_OBJC_ROOT_CLASS = YES_ERROR;
				CLANG_WARN_RANGE_LOOP_ANALYSIS = YES;
				CLANG_WARN_STRICT_PROTOTYPES = YES;
				CLANG_WARN_SUSPICIOUS_MOVE = YES;
				CLANG_WARN_UNGUARDED_AVAILABILITY = YES_AGGRESSIVE;
				CLANG_WARN_UNREACHABLE_CODE = YES;
				CLANG_WARN__DUPLICATE_METHOD_MATCH = YES;
				CODE_SIGN_IDENTITY = "iPhone Developer";
				COPY_PHASE_STRIP = NO;
				DEBUG_INFORMATION_FORMAT = dwarf;
				ENABLE_STRICT_OBJC_MSGSEND = YES;
				ENABLE_TESTABILITY = YES;
				GCC_C_LANGUAGE_STANDARD = gnu11;
				GCC_DYNAMIC_NO_PIC = NO;
				GCC_NO_COMMON_BLOCKS = YES;
				GCC_OPTIMIZATION_LEVEL = 0;
				GCC_PREPROCESSOR_DEFINITIONS = (
					"DEBUG=1",
					"$(inherited)",
				);
				GCC_WARN_64_TO_32_BIT_CONVERSION = YES;
				GCC_WARN_ABOUT_RETURN_TYPE = YES_ERROR;
				GCC_WARN_UNDECLARED_SELECTOR = YES;
				GCC_WARN_UNINITIALIZED_AUTOS = YES_AGGRESSIVE;
				GCC_WARN_UNUSED_FUNCTION = YES;
				GCC_WARN_UNUSED_VARIABLE = YES;
				IPHONEOS_DEPLOYMENT_TARGET = 12.2;
				MTL_ENABLE_DEBUG_INFO = INCLUDE_SOURCE;
				MTL_FAST_MATH = YES;
				ONLY_ACTIVE_ARCH = YES;
				SDKROOT = iphoneos;
				SWIFT_ACTIVE_COMPILATION_CONDITIONS = DEBUG;
				SWIFT_OPTIMIZATION_LEVEL = "-Onone";
			};
			name = Debug;
		};
		46D2D35322CE2A4800E0CB19 /* Release */ = {
			isa = XCBuildConfiguration;
			buildSettings = {
				ALWAYS_SEARCH_USER_PATHS = NO;
				CLANG_ANALYZER_NONNULL = YES;
				CLANG_ANALYZER_NUMBER_OBJECT_CONVERSION = YES_AGGRESSIVE;
				CLANG_CXX_LANGUAGE_STANDARD = "gnu++14";
				CLANG_CXX_LIBRARY = "libc++";
				CLANG_ENABLE_MODULES = YES;
				CLANG_ENABLE_OBJC_ARC = YES;
				CLANG_ENABLE_OBJC_WEAK = YES;
				CLANG_WARN_BLOCK_CAPTURE_AUTORELEASING = YES;
				CLANG_WARN_BOOL_CONVERSION = YES;
				CLANG_WARN_COMMA = YES;
				CLANG_WARN_CONSTANT_CONVERSION = YES;
				CLANG_WARN_DEPRECATED_OBJC_IMPLEMENTATIONS = YES;
				CLANG_WARN_DIRECT_OBJC_ISA_USAGE = YES_ERROR;
				CLANG_WARN_DOCUMENTATION_COMMENTS = YES;
				CLANG_WARN_EMPTY_BODY = YES;
				CLANG_WARN_ENUM_CONVERSION = YES;
				CLANG_WARN_INFINITE_RECURSION = YES;
				CLANG_WARN_INT_CONVERSION = YES;
				CLANG_WARN_NON_LITERAL_NULL_CONVERSION = YES;
				CLANG_WARN_OBJC_IMPLICIT_RETAIN_SELF = YES;
				CLANG_WARN_OBJC_LITERAL_CONVERSION = YES;
				CLANG_WARN_OBJC_ROOT_CLASS = YES_ERROR;
				CLANG_WARN_RANGE_LOOP_ANALYSIS = YES;
				CLANG_WARN_STRICT_PROTOTYPES = YES;
				CLANG_WARN_SUSPICIOUS_MOVE = YES;
				CLANG_WARN_UNGUARDED_AVAILABILITY = YES_AGGRESSIVE;
				CLANG_WARN_UNREACHABLE_CODE = YES;
				CLANG_WARN__DUPLICATE_METHOD_MATCH = YES;
				CODE_SIGN_IDENTITY = "iPhone Developer";
				COPY_PHASE_STRIP = NO;
				DEBUG_INFORMATION_FORMAT = "dwarf-with-dsym";
				ENABLE_NS_ASSERTIONS = NO;
				ENABLE_STRICT_OBJC_MSGSEND = YES;
				GCC_C_LANGUAGE_STANDARD = gnu11;
				GCC_NO_COMMON_BLOCKS = YES;
				GCC_WARN_64_TO_32_BIT_CONVERSION = YES;
				GCC_WARN_ABOUT_RETURN_TYPE = YES_ERROR;
				GCC_WARN_UNDECLARED_SELECTOR = YES;
				GCC_WARN_UNINITIALIZED_AUTOS = YES_AGGRESSIVE;
				GCC_WARN_UNUSED_FUNCTION = YES;
				GCC_WARN_UNUSED_VARIABLE = YES;
				IPHONEOS_DEPLOYMENT_TARGET = 12.2;
				MTL_ENABLE_DEBUG_INFO = NO;
				MTL_FAST_MATH = YES;
				SDKROOT = iphoneos;
				SWIFT_COMPILATION_MODE = wholemodule;
				SWIFT_OPTIMIZATION_LEVEL = "-O";
				VALIDATE_PRODUCT = YES;
			};
			name = Release;
		};
		46D2D35522CE2A4800E0CB19 /* Debug */ = {
			isa = XCBuildConfiguration;
			baseConfigurationReference = 2CA983422D0A6DCF42393FEA /* Pods-mobileTest.debug.xcconfig */;
			buildSettings = {
				ASSETCATALOG_COMPILER_APPICON_NAME = AppIcon;
				CODE_SIGN_STYLE = Automatic;
				DEVELOPMENT_TEAM = YH8GHTGE4A;
				INFOPLIST_FILE = mobileTest/Info.plist;
				LD_RUNPATH_SEARCH_PATHS = (
					"$(inherited)",
					"@executable_path/Frameworks",
				);
				PRODUCT_BUNDLE_IDENTIFIER = com.mobileTest;
				PRODUCT_NAME = "$(TARGET_NAME)";
				SWIFT_VERSION = 5.0;
				TARGETED_DEVICE_FAMILY = "1,2";
			};
			name = Debug;
		};
		46D2D35622CE2A4800E0CB19 /* Release */ = {
			isa = XCBuildConfiguration;
			baseConfigurationReference = 3681400222A73ADA444A2FB5 /* Pods-mobileTest.release.xcconfig */;
			buildSettings = {
				ASSETCATALOG_COMPILER_APPICON_NAME = AppIcon;
				CODE_SIGN_STYLE = Automatic;
				DEVELOPMENT_TEAM = YH8GHTGE4A;
				INFOPLIST_FILE = mobileTest/Info.plist;
				LD_RUNPATH_SEARCH_PATHS = (
					"$(inherited)",
					"@executable_path/Frameworks",
				);
				PRODUCT_BUNDLE_IDENTIFIER = com.mobileTest;
				PRODUCT_NAME = "$(TARGET_NAME)";
				SWIFT_VERSION = 5.0;
				TARGETED_DEVICE_FAMILY = "1,2";
			};
			name = Release;
		};
		46D2D35822CE2A4800E0CB19 /* Debug */ = {
			isa = XCBuildConfiguration;
			baseConfigurationReference = 2C3958EBC53CCE25DC531440 /* Pods-mobileTestTests.debug.xcconfig */;
			buildSettings = {
				ALWAYS_EMBED_SWIFT_STANDARD_LIBRARIES = YES;
				BUNDLE_LOADER = "$(TEST_HOST)";
				CODE_SIGN_STYLE = Automatic;
				DEVELOPMENT_TEAM = LYZ8EX5LGV;
				INFOPLIST_FILE = mobileTestTests/Info.plist;
				LD_RUNPATH_SEARCH_PATHS = (
					"$(inherited)",
					"@executable_path/Frameworks",
					"@loader_path/Frameworks",
				);
				PRODUCT_BUNDLE_IDENTIFIER = com.mobileTestTests;
				PRODUCT_NAME = "$(TARGET_NAME)";
				SWIFT_VERSION = 5.0;
				TARGETED_DEVICE_FAMILY = "1,2";
				TEST_HOST = "$(BUILT_PRODUCTS_DIR)/mobileTest.app/mobileTest";
			};
			name = Debug;
		};
		46D2D35922CE2A4800E0CB19 /* Release */ = {
			isa = XCBuildConfiguration;
			baseConfigurationReference = CDA619A2E15F68F1B6127BF4 /* Pods-mobileTestTests.release.xcconfig */;
			buildSettings = {
				ALWAYS_EMBED_SWIFT_STANDARD_LIBRARIES = YES;
				BUNDLE_LOADER = "$(TEST_HOST)";
				CODE_SIGN_STYLE = Automatic;
				DEVELOPMENT_TEAM = LYZ8EX5LGV;
				INFOPLIST_FILE = mobileTestTests/Info.plist;
				LD_RUNPATH_SEARCH_PATHS = (
					"$(inherited)",
					"@executable_path/Frameworks",
					"@loader_path/Frameworks",
				);
				PRODUCT_BUNDLE_IDENTIFIER = com.mobileTestTests;
				PRODUCT_NAME = "$(TARGET_NAME)";
				SWIFT_VERSION = 5.0;
				TARGETED_DEVICE_FAMILY = "1,2";
				TEST_HOST = "$(BUILT_PRODUCTS_DIR)/mobileTest.app/mobileTest";
			};
			name = Release;
		};
		46D2D35B22CE2A4800E0CB19 /* Debug */ = {
			isa = XCBuildConfiguration;
			baseConfigurationReference = 0DB3436F5FAA94F24AFCC225 /* Pods-mobileTestUITests.debug.xcconfig */;
			buildSettings = {
				ALWAYS_EMBED_SWIFT_STANDARD_LIBRARIES = YES;
				CODE_SIGN_STYLE = Automatic;
				DEVELOPMENT_TEAM = LYZ8EX5LGV;
				INFOPLIST_FILE = mobileTestUITests/Info.plist;
				LD_RUNPATH_SEARCH_PATHS = (
					"$(inherited)",
					"@executable_path/Frameworks",
					"@loader_path/Frameworks",
				);
				PRODUCT_BUNDLE_IDENTIFIER = com.mobileTestUITests;
				PRODUCT_NAME = "$(TARGET_NAME)";
				SWIFT_VERSION = 5.0;
				TARGETED_DEVICE_FAMILY = "1,2";
				TEST_TARGET_NAME = mobileTest;
			};
			name = Debug;
		};
		46D2D35C22CE2A4800E0CB19 /* Release */ = {
			isa = XCBuildConfiguration;
			baseConfigurationReference = 1D941A2B4BA6C3091C729418 /* Pods-mobileTestUITests.release.xcconfig */;
			buildSettings = {
				ALWAYS_EMBED_SWIFT_STANDARD_LIBRARIES = YES;
				CODE_SIGN_STYLE = Automatic;
				DEVELOPMENT_TEAM = LYZ8EX5LGV;
				INFOPLIST_FILE = mobileTestUITests/Info.plist;
				LD_RUNPATH_SEARCH_PATHS = (
					"$(inherited)",
					"@executable_path/Frameworks",
					"@loader_path/Frameworks",
				);
				PRODUCT_BUNDLE_IDENTIFIER = com.mobileTestUITests;
				PRODUCT_NAME = "$(TARGET_NAME)";
				SWIFT_VERSION = 5.0;
				TARGETED_DEVICE_FAMILY = "1,2";
				TEST_TARGET_NAME = mobileTest;
			};
			name = Release;
		};
/* End XCBuildConfiguration section */

/* Begin XCConfigurationList section */
		46D2D32422CE2A4700E0CB19 /* Build configuration list for PBXProject "mobileTest" */ = {
			isa = XCConfigurationList;
			buildConfigurations = (
				46D2D35222CE2A4800E0CB19 /* Debug */,
				46D2D35322CE2A4800E0CB19 /* Release */,
			);
			defaultConfigurationIsVisible = 0;
			defaultConfigurationName = Release;
		};
		46D2D35422CE2A4800E0CB19 /* Build configuration list for PBXNativeTarget "mobileTest" */ = {
			isa = XCConfigurationList;
			buildConfigurations = (
				46D2D35522CE2A4800E0CB19 /* Debug */,
				46D2D35622CE2A4800E0CB19 /* Release */,
			);
			defaultConfigurationIsVisible = 0;
			defaultConfigurationName = Release;
		};
		46D2D35722CE2A4800E0CB19 /* Build configuration list for PBXNativeTarget "mobileTestTests" */ = {
			isa = XCConfigurationList;
			buildConfigurations = (
				46D2D35822CE2A4800E0CB19 /* Debug */,
				46D2D35922CE2A4800E0CB19 /* Release */,
			);
			defaultConfigurationIsVisible = 0;
			defaultConfigurationName = Release;
		};
		46D2D35A22CE2A4800E0CB19 /* Build configuration list for PBXNativeTarget "mobileTestUITests" */ = {
			isa = XCConfigurationList;
			buildConfigurations = (
				46D2D35B22CE2A4800E0CB19 /* Debug */,
				46D2D35C22CE2A4800E0CB19 /* Release */,
			);
			defaultConfigurationIsVisible = 0;
			defaultConfigurationName = Release;
		};
/* End XCConfigurationList section */

/* Begin XCVersionGroup section */
		46D2D33322CE2A4700E0CB19 /* mobileTest.xcdatamodeld */ = {
			isa = XCVersionGroup;
			children = (
				46D2D33422CE2A4700E0CB19 /* mobileTest.xcdatamodel */,
			);
			currentVersion = 46D2D33422CE2A4700E0CB19 /* mobileTest.xcdatamodel */;
			path = mobileTest.xcdatamodeld;
			sourceTree = "<group>";
			versionGroupType = wrapper.xcdatamodel;
		};
/* End XCVersionGroup section */
	};
	rootObject = 46D2D32122CE2A4700E0CB19 /* Project object */;
}
